
Microsoft Visual Studio Solution File, Format Version 12.00
# Visual Studio Version 17
VisualStudioVersion = 17.0.31903.59
MinimumVisualStudioVersion = 10.0.40219.1
Project("{2150E333-8FDC-42A3-9474-1A3956D46DE8}") = "src", "src", "{2F2F4720-AE0B-46EA-B893-423DF390CEB6}"
EndProject
Project("{FAE04EC0-301F-11D3-BF4B-00C04F79EFBC}") = "SecretSync.Core", "src\SecretSync.Core\SecretSync.Core.csproj", "{CEC3F789-A3A5-4FD2-828A-35BDF131C0B6}"
EndProject
Project("{FAE04EC0-301F-11D3-BF4B-00C04F79EFBC}") = "SecretSync.Application", "src\SecretSync.Application\SecretSync.Application.csproj", "{8A613E34-5B51-42A8-B130-C5170FB63F6F}"
EndProject
Project("{FAE04EC0-301F-11D3-BF4B-00C04F79EFBC}") = "SecretSync.Infrastructure", "src\SecretSync.Infrastructure\SecretSync.Infrastructure.csproj", "{496E8ABB-BB1A-4532-B7B7-2901D2D4E7EE}"
EndProject
Project("{FAE04EC0-301F-11D3-BF4B-00C04F79EFBC}") = "SecretSync.Server", "src\SecretSync.Server\SecretSync.Server.csproj", "{99FBECC5-D050-4986-8509-743AD125C248}"
EndProject
Project("{FAE04EC0-301F-11D3-BF4B-00C04F79EFBC}") = "SecretSync.Cli", "src\SecretSync.Cli\SecretSync.Cli.csproj", "{774D3CFF-C506-49E3-8AB3-9165627CDBF2}"
EndProject
Project("{2150E333-8FDC-42A3-9474-1A3956D46DE8}") = "tests", "tests", "{5FDF1A41-86D2-4B60-91EA-8F3E73906E7E}"
EndProject
Project("{FAE04EC0-301F-11D3-BF4B-00C04F79EFBC}") = "SecretSync.Tests", "tests\SecretSync.Tests\SecretSync.Tests.csproj", "{AC88032C-AC72-4C7F-B00B-5E7E34FF0BC3}"
EndProject
Global
	GlobalSection(SolutionConfigurationPlatforms) = preSolution
		Debug|Any CPU = Debug|Any CPU
		Release|Any CPU = Release|Any CPU
	EndGlobalSection
	GlobalSection(SolutionProperties) = preSolution
		HideSolutionNode = FALSE
	EndGlobalSection
	GlobalSection(ProjectConfigurationPlatforms) = postSolution
		{CEC3F789-A3A5-4FD2-828A-35BDF131C0B6}.Debug|Any CPU.ActiveCfg = Debug|Any CPU
		{CEC3F789-A3A5-4FD2-828A-35BDF131C0B6}.Debug|Any CPU.Build.0 = Debug|Any CPU
		{CEC3F789-A3A5-4FD2-828A-35BDF131C0B6}.Release|Any CPU.ActiveCfg = Release|Any CPU
		{CEC3F789-A3A5-4FD2-828A-35BDF131C0B6}.Release|Any CPU.Build.0 = Release|Any CPU
		{8A613E34-5B51-42A8-B130-C5170FB63F6F}.Debug|Any CPU.ActiveCfg = Debug|Any CPU
		{8A613E34-5B51-42A8-B130-C5170FB63F6F}.Debug|Any CPU.Build.0 = Debug|Any CPU
		{8A613E34-5B51-42A8-B130-C5170FB63F6F}.Release|Any CPU.ActiveCfg = Release|Any CPU
		{8A613E34-5B51-42A8-B130-C5170FB63F6F}.Release|Any CPU.Build.0 = Release|Any CPU
		{496E8ABB-BB1A-4532-B7B7-2901D2D4E7EE}.Debug|Any CPU.ActiveCfg = Debug|Any CPU
		{496E8ABB-BB1A-4532-B7B7-2901D2D4E7EE}.Debug|Any CPU.Build.0 = Debug|Any CPU
		{496E8ABB-BB1A-4532-B7B7-2901D2D4E7EE}.Release|Any CPU.ActiveCfg = Release|Any CPU
		{496E8ABB-BB1A-4532-B7B7-2901D2D4E7EE}.Release|Any CPU.Build.0 = Release|Any CPU
		{99FBECC5-D050-4986-8509-743AD125C248}.Debug|Any CPU.ActiveCfg = Debug|Any CPU
		{99FBECC5-D050-4986-8509-743AD125C248}.Debug|Any CPU.Build.0 = Debug|Any CPU
		{99FBECC5-D050-4986-8509-743AD125C248}.Release|Any CPU.ActiveCfg = Release|Any CPU
		{99FBECC5-D050-4986-8509-743AD125C248}.Release|Any CPU.Build.0 = Release|Any CPU
		{774D3CFF-C506-49E3-8AB3-9165627CDBF2}.Debug|Any CPU.ActiveCfg = Debug|Any CPU
		{774D3CFF-C506-49E3-8AB3-9165627CDBF2}.Debug|Any CPU.Build.0 = Debug|Any CPU
		{774D3CFF-C506-49E3-8AB3-9165627CDBF2}.Release|Any CPU.ActiveCfg = Release|Any CPU
		{774D3CFF-C506-49E3-8AB3-9165627CDBF2}.Release|Any CPU.Build.0 = Release|Any CPU
		{AC88032C-AC72-4C7F-B00B-5E7E34FF0BC3}.Debug|Any CPU.ActiveCfg = Debug|Any CPU
		{AC88032C-AC72-4C7F-B00B-5E7E34FF0BC3}.Debug|Any CPU.Build.0 = Debug|Any CPU
		{AC88032C-AC72-4C7F-B00B-5E7E34FF0BC3}.Release|Any CPU.ActiveCfg = Release|Any CPU
		{AC88032C-AC72-4C7F-B00B-5E7E34FF0BC3}.Release|Any CPU.Build.0 = Release|Any CPU
	EndGlobalSection
	GlobalSection(NestedProjects) = preSolution
		{CEC3F789-A3A5-4FD2-828A-35BDF131C0B6} = {2F2F4720-AE0B-46EA-B893-423DF390CEB6}
		{8A613E34-5B51-42A8-B130-C5170FB63F6F} = {2F2F4720-AE0B-46EA-B893-423DF390CEB6}
		{496E8ABB-BB1A-4532-B7B7-2901D2D4E7EE} = {2F2F4720-AE0B-46EA-B893-423DF390CEB6}
		{99FBECC5-D050-4986-8509-743AD125C248} = {2F2F4720-AE0B-46EA-B893-423DF390CEB6}
		{774D3CFF-C506-49E3-8AB3-9165627CDBF2} = {2F2F4720-AE0B-46EA-B893-423DF390CEB6}
		{AC88032C-AC72-4C7F-B00B-5E7E34FF0BC3} = {5FDF1A41-86D2-4B60-91EA-8F3E73906E7E}
	EndGlobalSection
EndGlobal
